@@ -5128,10 +5128,10 @@ https-browserify@^1.0.0:
  resolved "https://registry.yarnpkg.com/https-browserify/-/https-browserify-1.0.0.tgz#ec06c10e0a34c0f2faf199f7fd7fc78fffd03c73"
  integrity sha1-7AbBDgo0wPL68Zn3/X/Hj//QPHM=

hugo-bin@^0.55.0:
  version "0.55.1"
  resolved "https://registry.yarnpkg.com/hugo-bin/-/hugo-bin-0.55.1.tgz#9daa6fd3531a5eb124e17749f603ca72d479114e"
  integrity sha512-y8//2kuCdH7cTtA8DftTDCmmiG41oHcSfGWHbYQQPc5tqW+wwYvc39h3tm+OhAO+8ohflJYKCntOqRY3M/BJlQ==
hugo-bin@^0.56.0:
  version "0.56.1"
  resolved "https://registry.yarnpkg.com/hugo-bin/-/hugo-bin-0.56.1.tgz#49a1757dd388eacb96e1cc927620624022fde50c"
  integrity sha512-Md59Ucx+1PbIxzkoAtXNxFQaa/0AuFtL/vk2lnjY6k5b1FyIIqCFx2PXcm6Uaoanf9VOVJVZ7JI4ftyLStd++w==
  dependencies:
    bin-wrapper "^4.1.0"
    pkg-conf "^3.1.0"
